{
  "name": "pixicore",
  "version": "1.0.0",
  "lockfileVersion": 1,
  "requires": true,
  "dependencies": {
    "@pixi/accessibility": {
      "version": "5.2.0",
      "resolved": "https://registry.npmjs.org/@pixi/accessibility/-/accessibility-5.2.0.tgz",
      "integrity": "sha512-IXnCy9YmzXl9/rMiXOzgFpP7onW0YNSnVQtFotonCEPd2azM/1p3Fy7wRTcpfOJm/JsMZRbnDeE/wB9Shg9/QQ==",
      "requires": {
        "@pixi/core": "^5.2.0",
        "@pixi/display": "^5.2.0",
        "@pixi/utils": "^5.2.0"
      }
    },
    "@pixi/app": {
      "version": "5.2.0",
      "resolved": "https://registry.npmjs.org/@pixi/app/-/app-5.2.0.tgz",
      "integrity": "sha512-5rhjAGPruzC3w6+knySIWk4II1Td8Fw0LVfg1K48BRXI1mLXCrZ3tJb6hdFuBPhgeIDz1tUwecJ4KfkJOWgqPg==",
      "requires": {
        "@pixi/core": "^5.2.0",
        "@pixi/display": "^5.2.0"
      }
    },
    "@pixi/constants": {
      "version": "5.2.0",
      "resolved": "https://registry.npmjs.org/@pixi/constants/-/constants-5.2.0.tgz",
      "integrity": "sha512-dXwzkKAvgpvOJmDBe9OQiE+HPp4uMIL/3ijHlyW0fgMqDPhtQtFcSUdSUAoFwb23Uaq56j1ejuEmly8LehJ0aQ=="
    },
    "@pixi/core": {
      "version": "5.2.0",
      "resolved": "https://registry.npmjs.org/@pixi/core/-/core-5.2.0.tgz",
      "integrity": "sha512-h8UuVWHfbWVGEO3a4SQS4vk70LSFMUMPKCvVpPq/3LtIUgPVDZO3tGL4O2jFteKwbmWNIMDCpDmBMu3XlqPlNQ==",
      "requires": {
        "@pixi/constants": "^5.2.0",
        "@pixi/display": "^5.2.0",
        "@pixi/math": "^5.2.0",
        "@pixi/runner": "^5.2.0",
        "@pixi/settings": "^5.2.0",
        "@pixi/ticker": "^5.2.0",
        "@pixi/utils": "^5.2.0"
      }
    },
    "@pixi/display": {
      "version": "5.2.0",
      "resolved": "https://registry.npmjs.org/@pixi/display/-/display-5.2.0.tgz",
      "integrity": "sha512-P+exW4aI7eyqhdmi0M3HmKJI+XzDYNYAiEsKMUyyONwbHYSVdjQF5hzPuvjUYotTNZ1stCWbf0457cNNSPLOzQ==",
      "requires": {
        "@pixi/math": "^5.2.0",
        "@pixi/settings": "^5.2.0",
        "@pixi/utils": "^5.2.0"
      }
    },
    "@pixi/extract": {
      "version": "5.2.0",
      "resolved": "https://registry.npmjs.org/@pixi/extract/-/extract-5.2.0.tgz",
      "integrity": "sha512-LUDsB6z+gkSYcS8urr/JjdpLlf/z3mAjpMJDOZlcxCdPXdayVka2ruNnrWb4dvf9nV9Wg7T8v1IOFGOWpOHEdQ==",
      "requires": {
        "@pixi/core": "^5.2.0",
        "@pixi/math": "^5.2.0",
        "@pixi/utils": "^5.2.0"
      }
    },
    "@pixi/filter-adjustment": {
      "version": "3.0.3",
      "resolved": "https://registry.npmjs.org/@pixi/filter-adjustment/-/filter-adjustment-3.0.3.tgz",
      "integrity": "sha512-Va3tGJnrNfUT2px/2Rm2umkdTZ+lWH2Qr3a0dSXoNzmuecxacdoc9r0coegb+rFX4wgpaI8Lz96XkWa8vwmmxg==",
      "requires": {
        "@pixi/core": "^5.0.0-X"
      }
    },
    "@pixi/filter-advanced-bloom": {
      "version": "3.0.3",
      "resolved": "https://registry.npmjs.org/@pixi/filter-advanced-bloom/-/filter-advanced-bloom-3.0.3.tgz",
      "integrity": "sha512-+xKL0W65tKPuzzmuD9nuiDIs7z/Mv/o/VHGwwlyNtaVYVqDu0VDklfPurPZftCq0nSNR7kkDA1yyDFBunJ20Ew==",
      "requires": {
        "@pixi/core": "^5.0.0-X",
        "@pixi/filter-kawase-blur": "^3.0.3",
        "@pixi/settings": "^5.0.0-X"
      }
    },
    "@pixi/filter-alpha": {
      "version": "5.2.0",
      "resolved": "https://registry.npmjs.org/@pixi/filter-alpha/-/filter-alpha-5.2.0.tgz",
      "integrity": "sha512-Jv/eqSt6zmKr9oGoi4UgUWA/pgxhyBSGMtUWMHiwuqjkXWl4Em4bC5l0f5GUX85xqMCRLwvOeqOH+fBE9fKadw==",
      "requires": {
        "@pixi/core": "^5.2.0"
      }
    },
    "@pixi/filter-ascii": {
      "version": "3.0.3",
      "resolved": "https://registry.npmjs.org/@pixi/filter-ascii/-/filter-ascii-3.0.3.tgz",
      "integrity": "sha512-GXahyVFrmo8qxaYxMW3SCFb1AUCpfoU2+1T6d0gqkZqIsZVbyuIFTiifHGoHWMC1OcQ+7nJiU4kPjsT9nZLmkg==",
      "requires": {
        "@pixi/core": "^5.0.0-X"
      }
    },
    "@pixi/filter-bevel": {
      "version": "3.0.3",
      "resolved": "https://registry.npmjs.org/@pixi/filter-bevel/-/filter-bevel-3.0.3.tgz",
      "integrity": "sha512-2EOA2E5qubHNGcYa3YV6/qvqufSVVW8lvObfFwaI9oEJIEORpr5atngpi8yp5al38jD1y8O4eSY7VX9Fa6q0Rw==",
      "requires": {
        "@pixi/core": "^5.0.0-X",
        "@pixi/math": "^5.0.0-X",
        "@pixi/utils": "^5.0.0-X"
      }
    },
    "@pixi/filter-bloom": {
      "version": "3.0.3",
      "resolved": "https://registry.npmjs.org/@pixi/filter-bloom/-/filter-bloom-3.0.3.tgz",
      "integrity": "sha512-giORoxPLkzW6I8ZvH73a5Wjml2xkOAHNGmMSTz75xqBybOqrykIrv/rWG+vukqEE+AscgRsKq/XBFReH5LHkZQ==",
      "requires": {
        "@pixi/constants": "^5.0.0-X",
        "@pixi/core": "^5.0.0-X",
        "@pixi/filter-alpha": "^5.0.0-X",
        "@pixi/filter-blur": "^5.0.0-X",
        "@pixi/math": "^5.0.0-X",
        "@pixi/settings": "^5.0.0-X"
      }
    },
    "@pixi/filter-blur": {
      "version": "5.2.0",
      "resolved": "https://registry.npmjs.org/@pixi/filter-blur/-/filter-blur-5.2.0.tgz",
      "integrity": "sha512-052qyY+X3HMEvHdorqXIbe+iODK0Sj3j8goZMvOL2qATW6bDBGRuwrO2rGZ70BnmGgrbIrXzDVemwo9uLWEZSA==",
      "requires": {
        "@pixi/core": "^5.2.0",
        "@pixi/settings": "^5.2.0"
      }
    },
    "@pixi/filter-bulge-pinch": {
      "version": "3.0.3",
      "resolved": "https://registry.npmjs.org/@pixi/filter-bulge-pinch/-/filter-bulge-pinch-3.0.3.tgz",
      "integrity": "sha512-ly8YIzmFMdbQskCcOlmnZCtk8dY36zCbISpgEKu95hsrrym4zxGjPZmz9XMScCDfJyZ80EkRTTxtEzNlrbsHaQ==",
      "requires": {
        "@pixi/core": "^5.0.0-X"
      }
    },
    "@pixi/filter-color-map": {
      "version": "3.0.3",
      "resolved": "https://registry.npmjs.org/@pixi/filter-color-map/-/filter-color-map-3.0.3.tgz",
      "integrity": "sha512-3b0/n7PE0PBWWoaDsM8xlWDSbQ55nl/FIoJyz6q52u8NOFExH1CLkg0Uh6IoCoE9xiLX1QZ7rJgvTJrhapsKGA==",
      "requires": {
        "@pixi/constants": "^5.0.0-X",
        "@pixi/core": "^5.0.0-X"
      }
    },
    "@pixi/filter-color-matrix": {
      "version": "5.2.0",
      "resolved": "https://registry.npmjs.org/@pixi/filter-color-matrix/-/filter-color-matrix-5.2.0.tgz",
      "integrity": "sha512-wtPzz+2NtP9zDW9cFn/lTryf97/DYwka4yi9A+sMCteoATsrZJCKz0zzPV5AORKv0hpCfu9wGYTISItOC8mBKw==",
      "requires": {
        "@pixi/core": "^5.2.0"
      }
    },
    "@pixi/filter-color-replace": {
      "version": "3.0.3",
      "resolved": "https://registry.npmjs.org/@pixi/filter-color-replace/-/filter-color-replace-3.0.3.tgz",
      "integrity": "sha512-3Oji9RUrBo/ZH52SH5vaaPGMmBrpC4O7E9HZF+NqurwqnB52K9IX7zsU/Vx1kzTZ+wKO+d0BvCA0o+geBkzNrw==",
      "requires": {
        "@pixi/core": "^5.0.0-X",
        "@pixi/utils": "^5.0.0-X"
      }
    },
    "@pixi/filter-convolution": {
      "version": "3.0.3",
      "resolved": "https://registry.npmjs.org/@pixi/filter-convolution/-/filter-convolution-3.0.3.tgz",
      "integrity": "sha512-9mUeIgFqR3YW40OxzsVQJfpXfZGSYPRDgVU5k3A9Kg9JsUW5PISUFqaV00g/1is6hvIQavBRc8d72kkNmGi6eg==",
      "requires": {
        "@pixi/core": "^5.0.0-X"
      }
    },
    "@pixi/filter-cross-hatch": {
      "version": "3.0.3",
      "resolved": "https://registry.npmjs.org/@pixi/filter-cross-hatch/-/filter-cross-hatch-3.0.3.tgz",
      "integrity": "sha512-Y1OJPLtTOfxUmwkdIBV6Z6R4G0gg/w/2UVxGTqSBAlgK7zR69ufMzUuz0ALgzS4SHIm+zL2Wq8bbSJRy8Q0Y/g==",
      "requires": {
        "@pixi/core": "^5.0.0-X"
      }
    },
    "@pixi/filter-crt": {
      "version": "3.0.3",
      "resolved": "https://registry.npmjs.org/@pixi/filter-crt/-/filter-crt-3.0.3.tgz",
      "integrity": "sha512-BrTzxMWpOGebJ9qKcMG7pB0iwlBWH6azsVfmuqUcF6KU86qkP1Y6De/5kCvrpnDKKFiQ2cQnmgNHR/LStTLp3w==",
      "requires": {
        "@pixi/core": "^5.0.0-X"
      }
    },
    "@pixi/filter-displacement": {
      "version": "5.2.0",
      "resolved": "https://registry.npmjs.org/@pixi/filter-displacement/-/filter-displacement-5.2.0.tgz",
      "integrity": "sha512-489KUlNF4ZmHZPNmI2X77cE95sfbvvw5NASeNXKmbCn5xi2gPSxiPMTv4XUTdhdOKxNcy81NFEQicG21eW335Q==",
      "requires": {
        "@pixi/core": "^5.2.0",
        "@pixi/math": "^5.2.0"
      }
    },
    "@pixi/filter-dot": {
      "version": "3.0.3",
      "resolved": "https://registry.npmjs.org/@pixi/filter-dot/-/filter-dot-3.0.3.tgz",
      "integrity": "sha512-IvkDEAMjAcQsxjG06Xgyk4M+4eFMLnY20ygfQNnVNNHnXp85bRzR1jVeJn3a/EfKu9UWyvhTg84Jv5ggojyfpw==",
      "requires": {
        "@pixi/core": "^5.0.0-X"
      }
    },
    "@pixi/filter-drop-shadow": {
      "version": "3.0.3",
      "resolved": "https://registry.npmjs.org/@pixi/filter-drop-shadow/-/filter-drop-shadow-3.0.3.tgz",
      "integrity": "sha512-glrdtLk/2Zf+otyn/aPCaNCK5k7vOaKF0zJl933Hay1RF/qyE3SKfJXD1qLGg4MLFInYiuZtMz+/UowsEhMpGg==",
      "requires": {
        "@pixi/core": "^5.0.0-X",
        "@pixi/filter-kawase-blur": "^3.0.3",
        "@pixi/math": "^5.0.0-X",
        "@pixi/settings": "^5.0.0-X",
        "@pixi/utils": "^5.0.0-X"
      }
    },
    "@pixi/filter-emboss": {
      "version": "3.0.3",
      "resolved": "https://registry.npmjs.org/@pixi/filter-emboss/-/filter-emboss-3.0.3.tgz",
      "integrity": "sha512-tyw6MQXUU3Ibe9PMsNA1Bl2fcL8B8zT6hrH+oTTE7eZntTjHGx7qEYH2Q8i42dQZnfYi+O6w5Z2yem3v7Umm/w==",
      "requires": {
        "@pixi/core": "^5.0.0-X"
      }
    },
    "@pixi/filter-fxaa": {
      "version": "5.2.0",
      "resolved": "https://registry.npmjs.org/@pixi/filter-fxaa/-/filter-fxaa-5.2.0.tgz",
      "integrity": "sha512-rlhC65BALzQAVBEXYzr8bKqyhZIWLco+VWJ7Fs8D3bJCutyu6xX6d7XDAqQW5SmJCNrIdaKvl/B6Xzer/+z8DA==",
      "requires": {
        "@pixi/core": "^5.2.0"
      }
    },
    "@pixi/filter-glitch": {
      "version": "3.0.3",
      "resolved": "https://registry.npmjs.org/@pixi/filter-glitch/-/filter-glitch-3.0.3.tgz",
      "integrity": "sha512-sz+P60lm45WFuIaPcK72HlMi0mkbioWDp6sheh4ldyo7UIOhdI0WDmaKKMbBQT/1hhBr8zMLuiN7nm+AeVNsvA==",
      "requires": {
        "@pixi/constants": "^5.0.0-X",
        "@pixi/core": "^5.0.0-X",
        "@pixi/math": "^5.0.0-X"
      }
    },
    "@pixi/filter-glow": {
      "version": "3.0.3",
      "resolved": "https://registry.npmjs.org/@pixi/filter-glow/-/filter-glow-3.0.3.tgz",
      "integrity": "sha512-0sRkRo1kOU889B0GnjvxYi/r26oK0Mk4PDl4Gq5aCQqbpW8ra/P/zHexM8732paAQBFfjP2hDyhnL4WIS5WUWw==",
      "requires": {
        "@pixi/core": "^5.0.0-X",
        "@pixi/utils": "^5.0.0-X"
      }
    },
    "@pixi/filter-godray": {
      "version": "3.0.3",
      "resolved": "https://registry.npmjs.org/@pixi/filter-godray/-/filter-godray-3.0.3.tgz",
      "integrity": "sha512-cEsIpWkLyg1UalN3NH4FSOjEWMn8wMB4Lqsu++2OqMJXPzyfufEjtqd6Kc6dpecEDW7QKhLnrBUoZTSvMQQisw==",
      "requires": {
        "@pixi/core": "^5.0.0-X",
        "@pixi/math": "^5.0.0-X"
      }
    },
    "@pixi/filter-kawase-blur": {
      "version": "3.0.3",
      "resolved": "https://registry.npmjs.org/@pixi/filter-kawase-blur/-/filter-kawase-blur-3.0.3.tgz",
      "integrity": "sha512-a/37+3RI3/z+TJCi6EDdWgec/mePCEo8aNrnVVXACp6HCRfWl1OwWSiRUTjarnGtgz0qhWch7UzxKvkuHwjZag==",
      "requires": {
        "@pixi/core": "^5.0.0-X",
        "@pixi/math": "^5.0.0-X"
      }
    },
    "@pixi/filter-motion-blur": {
      "version": "3.0.3",
      "resolved": "https://registry.npmjs.org/@pixi/filter-motion-blur/-/filter-motion-blur-3.0.3.tgz",
      "integrity": "sha512-xiNQHXQ2T0KJR4jNP0kF5dVVM6Q/rvvRxcevvtqvyg8Qb9rVc5ZL3EJyUsEoPUNL2K+rA5SNiU1dE85wfeZ3Iw==",
      "requires": {
        "@pixi/core": "^5.0.0-X",
        "@pixi/math": "^5.0.0-X"
      }
    },
    "@pixi/filter-multi-color-replace": {
      "version": "3.0.3",
      "resolved": "https://registry.npmjs.org/@pixi/filter-multi-color-replace/-/filter-multi-color-replace-3.0.3.tgz",
      "integrity": "sha512-w4454dsaIGviQfmdGU040M6qpHUsxY6SeQroJasjbuuAIrRIROyEbX+HmLlOMMn3dCx4UFrzgeP2h9YK63YXCA==",
      "requires": {
        "@pixi/core": "^5.0.0-X",
        "@pixi/utils": "^5.0.0-X"
      }
    },
    "@pixi/filter-noise": {
      "version": "5.2.0",
      "resolved": "https://registry.npmjs.org/@pixi/filter-noise/-/filter-noise-5.2.0.tgz",
      "integrity": "sha512-7IBHqjuze5VEMYOKPz/O7wR3mks7xvYKvWmUaLV7FopUtDUFjklrVBWY39nBOsXKXm0qLOkkdKcwsqyXZ7xOFg==",
      "requires": {
        "@pixi/core": "^5.2.0"
      }
    },
    "@pixi/filter-old-film": {
      "version": "3.0.3",
      "resolved": "https://registry.npmjs.org/@pixi/filter-old-film/-/filter-old-film-3.0.3.tgz",
      "integrity": "sha512-f86A8uk3VHABtLhCwXHFvywPtjdM/YlNOBtP4Ul2tYbruWiEk86+ZIYrk8B2G9WMg9bCjvpEAh+u8A2xx92D/g==",
      "requires": {
        "@pixi/core": "^5.0.0-X"
      }
    },
    "@pixi/filter-outline": {
      "version": "3.0.3",
      "resolved": "https://registry.npmjs.org/@pixi/filter-outline/-/filter-outline-3.0.3.tgz",
      "integrity": "sha512-b+3Q6JJf7gltbSY+0QChdLr9HhbKYdGbOOacJW/DC70ngxcT+a02DBXToUbUV8Od11He6fIQdeRosUreaVYOlQ==",
      "requires": {
        "@pixi/core": "^5.0.0-X",
        "@pixi/utils": "^5.0.0-X"
      }
    },
    "@pixi/filter-pixelate": {
      "version": "3.0.3",
      "resolved": "https://registry.npmjs.org/@pixi/filter-pixelate/-/filter-pixelate-3.0.3.tgz",
      "integrity": "sha512-6iDoCmOwF8DV+dV8WYt+OduIbbcyouOVqeFwGA40WIElgxZF/fYtGpCKxs2EpTyR5G1uMjzC368b2RPw77NnDQ==",
      "requires": {
        "@pixi/core": "^5.0.0-X"
      }
    },
    "@pixi/filter-radial-blur": {
      "version": "3.0.3",
      "resolved": "https://registry.npmjs.org/@pixi/filter-radial-blur/-/filter-radial-blur-3.0.3.tgz",
      "integrity": "sha512-emWeOMKbOYUdyjLzCmpHHPyyvcX/Z0VPeuWYsrYnidXapTGLacV5CYWI0is8gFj+5aVgC3oRvsyQ7jLx6bilEA==",
      "requires": {
        "@pixi/core": "^5.0.0-X"
      }
    },
    "@pixi/filter-reflection": {
      "version": "3.0.3",
      "resolved": "https://registry.npmjs.org/@pixi/filter-reflection/-/filter-reflection-3.0.3.tgz",
      "integrity": "sha512-d6HSlBISG58qV9BuaQtOYsH6Jf7h5R0el7mhnUtdBMLYj5rRAO2ZsQhhYLlut+WOhWCOcKySbCHeygomRtYkQA==",
      "requires": {
        "@pixi/core": "^5.0.0-X"
      }
    },
    "@pixi/filter-rgb-split": {
      "version": "3.0.3",
      "resolved": "https://registry.npmjs.org/@pixi/filter-rgb-split/-/filter-rgb-split-3.0.3.tgz",
      "integrity": "sha512-xkvCNG8qqo1JqXD8Cvx/WwMPDyBiIry9BVrAiUmJa8LdGnUlXX2i7N5EAr7XWbgmpb72lrC2ieLKRVR0E12jBA==",
      "requires": {
        "@pixi/core": "^5.0.0-X"
      }
    },
    "@pixi/filter-shockwave": {
      "version": "3.0.3",
      "resolved": "https://registry.npmjs.org/@pixi/filter-shockwave/-/filter-shockwave-3.0.3.tgz",
      "integrity": "sha512-gZhBIoKk5zzShlYfDqXr/CtoVy7CANWdPUUe8HpOJGo2gdAHR6lgOQtForHTK8o7cWenV53dnVRdw1sqTvXubg==",
      "requires": {
        "@pixi/core": "^5.0.0-X"
      }
    },
    "@pixi/filter-simple-lightmap": {
      "version": "3.0.3",
      "resolved": "https://registry.npmjs.org/@pixi/filter-simple-lightmap/-/filter-simple-lightmap-3.0.3.tgz",
      "integrity": "sha512-th+mWMEpQRtxx5a3EbPK/EsgxdkKfdMVBagS5EQnM5ujE57brLBMO8urKP6xzywD+95wZyDsz8DVODgY/3AWMQ==",
      "requires": {
        "@pixi/core": "^5.0.0-X",
        "@pixi/utils": "^5.0.0-X"
      }
    },
    "@pixi/filter-tilt-shift": {
      "version": "3.0.3",
      "resolved": "https://registry.npmjs.org/@pixi/filter-tilt-shift/-/filter-tilt-shift-3.0.3.tgz",
      "integrity": "sha512-bnlmuiRSs/jybR2eEO2HZ6qTvGkpnPOWsqHKb1mFSOvKueaFYZKMyeVkI59dMDWm2XRVPD/+4Hs8ftffyBBUeA==",
      "requires": {
        "@pixi/core": "^5.0.0-X",
        "@pixi/math": "^5.0.0-X"
      }
    },
    "@pixi/filter-twist": {
      "version": "3.0.3",
      "resolved": "https://registry.npmjs.org/@pixi/filter-twist/-/filter-twist-3.0.3.tgz",
      "integrity": "sha512-Zn1co0cvLxCTSDVWXNIc3yTxr+Qeu8V6LzXbFTZlnghFTxNxMhaPtb+VVhkY53ENr36FX9FLgTEWxLORlHC/pQ==",
      "requires": {
        "@pixi/core": "^5.0.0-X"
      }
    },
    "@pixi/filter-zoom-blur": {
      "version": "3.0.3",
      "resolved": "https://registry.npmjs.org/@pixi/filter-zoom-blur/-/filter-zoom-blur-3.0.3.tgz",
      "integrity": "sha512-3dCMVdTTLpLwQ6JQskRwczTP0TBtDUen4ihDO0E92T1bOCz8vCuXvzEaNU+fbjpg4XHY3zOitPkxodb4Uis/aA==",
      "requires": {
        "@pixi/core": "^5.0.0-X"
      }
    },
    "@pixi/graphics": {
      "version": "5.2.0",
      "resolved": "https://registry.npmjs.org/@pixi/graphics/-/graphics-5.2.0.tgz",
      "integrity": "sha512-sXmN8CEjzd56wVh18AOv1cxsB70tP1FWIukTPg8EaSlhiFqiclQDGkf6mKDajuVrj7JhBjvFenKmv3ADYnLkqA==",
      "requires": {
        "@pixi/constants": "^5.2.0",
        "@pixi/core": "^5.2.0",
        "@pixi/display": "^5.2.0",
        "@pixi/math": "^5.2.0",
        "@pixi/sprite": "^5.2.0",
        "@pixi/utils": "^5.2.0"
      }
    },
    "@pixi/interaction": {
      "version": "5.2.0",
      "resolved": "https://registry.npmjs.org/@pixi/interaction/-/interaction-5.2.0.tgz",
      "integrity": "sha512-YoFGrwkKgNFsusXObcfgKJtLxjqeOaek3tZxssnZZOUSzIJGQ4mLur2I36C2AAufB+GxBL38TiP1nkAVurMC6A==",
      "requires": {
        "@pixi/core": "^5.2.0",
        "@pixi/display": "^5.2.0",
        "@pixi/math": "^5.2.0",
        "@pixi/ticker": "^5.2.0",
        "@pixi/utils": "^5.2.0"
      }
    },
    "@pixi/loaders": {
      "version": "5.2.0",
      "resolved": "https://registry.npmjs.org/@pixi/loaders/-/loaders-5.2.0.tgz",
      "integrity": "sha512-lKd5RYGQ86NoQNFcu/IYLEkC/oa6XypDKewG9LDd7n9XKKeed0NRipg7HhcYVsliayYkszoQ/JdzidV/yxnHYw==",
      "requires": {
        "@pixi/core": "^5.2.0",
        "@pixi/utils": "^5.2.0",
        "resource-loader": "^3.0.1"
      }
    },
    "@pixi/math": {
      "version": "5.2.0",
      "resolved": "https://registry.npmjs.org/@pixi/math/-/math-5.2.0.tgz",
      "integrity": "sha512-Y21H/kMluJqZ/QWb8cdXuZlib6G26QfZtgc85KbSJmjpMVWw03g0OELqFqOhsMzNanXp3B4OL1ZsNXnp0lWROQ=="
    },
    "@pixi/mesh": {
      "version": "5.2.0",
      "resolved": "https://registry.npmjs.org/@pixi/mesh/-/mesh-5.2.0.tgz",
      "integrity": "sha512-GTgxMlK3T2aWNk2CpWw6+zDXzOxDN15v4noVM6hqm691GQn6HXD68J14BHJhZxuP3PU9VD7/FARooMtAwaxVvg==",
      "requires": {
        "@pixi/constants": "^5.2.0",
        "@pixi/core": "^5.2.0",
        "@pixi/display": "^5.2.0",
        "@pixi/math": "^5.2.0",
        "@pixi/settings": "^5.2.0",
        "@pixi/utils": "^5.2.0"
      }
    },
    "@pixi/mesh-extras": {
      "version": "5.2.0",
      "resolved": "https://registry.npmjs.org/@pixi/mesh-extras/-/mesh-extras-5.2.0.tgz",
      "integrity": "sha512-vmBcV3sRqHWZIfwd8GQEscqR8zzsgCLXdgE/tWOCGqgGbv0+mv25y/vRnRnL42YXZb/sPU1RrtgnDr7xHNVL2w==",
      "requires": {
        "@pixi/constants": "^5.2.0",
        "@pixi/core": "^5.2.0",
        "@pixi/math": "^5.2.0",
        "@pixi/mesh": "^5.2.0",
        "@pixi/utils": "^5.2.0"
      }
    },
    "@pixi/mixin-cache-as-bitmap": {
      "version": "5.2.0",
      "resolved": "https://registry.npmjs.org/@pixi/mixin-cache-as-bitmap/-/mixin-cache-as-bitmap-5.2.0.tgz",
      "integrity": "sha512-VaFxBiPFu5Ii3T/vwe+QozvQk/OMLApe0eTSXCzAZspijVCGVmnalTqDgY9GC6SvuLG967jRTdEwCAsc+w2uXA==",
      "requires": {
        "@pixi/core": "^5.2.0",
        "@pixi/display": "^5.2.0",
        "@pixi/math": "^5.2.0",
        "@pixi/settings": "^5.2.0",
        "@pixi/sprite": "^5.2.0",
        "@pixi/utils": "^5.2.0"
      }
    },
    "@pixi/mixin-get-child-by-name": {
      "version": "5.2.0",
      "resolved": "https://registry.npmjs.org/@pixi/mixin-get-child-by-name/-/mixin-get-child-by-name-5.2.0.tgz",
      "integrity": "sha512-exL50cOrjOmJ02++Q56AamYkVKt7RqwdM0QQdfmJKRX9r8cG9u09IKW2/hWKGbyqNoP5gGORtZvXRCJG8JYH/A==",
      "requires": {
        "@pixi/display": "^5.2.0"
      }
    },
    "@pixi/mixin-get-global-position": {
      "version": "5.2.0",
      "resolved": "https://registry.npmjs.org/@pixi/mixin-get-global-position/-/mixin-get-global-position-5.2.0.tgz",
      "integrity": "sha512-9P2EeymV23OonCVOdgYu0ZFlUZoCXh0wK/6wf6wb0N4Nefcz0mPfafHV5gp/qwCgB9OJk4RLKna1BDfxXn4LCA==",
      "requires": {
        "@pixi/display": "^5.2.0",
        "@pixi/math": "^5.2.0"
      }
    },
    "@pixi/particles": {
      "version": "5.2.0",
      "resolved": "https://registry.npmjs.org/@pixi/particles/-/particles-5.2.0.tgz",
      "integrity": "sha512-uB86M9hpiamclCOLMk6go0WJGXoiNfNzIIiC5OmUt61Fk3TSZiXbF//xWt/NB/unm3+WhycudSfR1IhLL1OdSw==",
      "requires": {
        "@pixi/constants": "^5.2.0",
        "@pixi/core": "^5.2.0",
        "@pixi/display": "^5.2.0",
        "@pixi/math": "^5.2.0",
        "@pixi/utils": "^5.2.0"
      }
    },
    "@pixi/polyfill": {
      "version": "5.2.0",
      "resolved": "https://registry.npmjs.org/@pixi/polyfill/-/polyfill-5.2.0.tgz",
      "integrity": "sha512-xvwJ0vRVwf6fByvGTRzOsAv0N5GmopVI+pT5MV8Rk4AoqGQ8vWkhQQ8jy7PS4g0ak2DpwVrcTwUjxfrmjJCYTw==",
      "requires": {
        "es6-promise-polyfill": "^1.2.0",
        "object-assign": "^4.1.1"
      }
    },
    "@pixi/prepare": {
      "version": "5.2.0",
      "resolved": "https://registry.npmjs.org/@pixi/prepare/-/prepare-5.2.0.tgz",
      "integrity": "sha512-WE/VUIJXFrYMXFmWom4BZYB78IHQNeRZfN1SDN4X11cOciFH8uDafDpkMsjND95HZAqw+yQPU2pKResQnWEtag==",
      "requires": {
        "@pixi/core": "^5.2.0",
        "@pixi/display": "^5.2.0",
        "@pixi/graphics": "^5.2.0",
        "@pixi/settings": "^5.2.0",
        "@pixi/text": "^5.2.0",
        "@pixi/ticker": "^5.2.0"
      }
    },
    "@pixi/runner": {
      "version": "5.2.0",
      "resolved": "https://registry.npmjs.org/@pixi/runner/-/runner-5.2.0.tgz",
      "integrity": "sha512-vy/SGG8QFHMrWAqebMQdhxl/l6WlIbHXMDNDCYBWwXKYjmKzycrrj2o/mK9cBko8WDuoTRZ0Pe3JZ3XDYEsn9w=="
    },
    "@pixi/settings": {
      "version": "5.2.0",
      "resolved": "https://registry.npmjs.org/@pixi/settings/-/settings-5.2.0.tgz",
      "integrity": "sha512-AIxcUbgM3mh2QxS+nxNcPsqnJEBg3x/UO9ZpNMRhed9UPM/5mQ8CGZUMLTzIxhjSS16Do4uK9vZikMjV8dXm/Q==",
      "requires": {
        "ismobilejs": "^0.5.1"
      }
    },
    "@pixi/sprite": {
      "version": "5.2.0",
      "resolved": "https://registry.npmjs.org/@pixi/sprite/-/sprite-5.2.0.tgz",
      "integrity": "sha512-IW+S2Cs3MTcMSrsSA5fjk+xx3Q8eNrsT4hGVXy6JxViv3IknIqbyQwdSFGAyoowOwzhyg7xJExz7VDZRQBBLwg==",
      "requires": {
        "@pixi/constants": "^5.2.0",
        "@pixi/core": "^5.2.0",
        "@pixi/display": "^5.2.0",
        "@pixi/math": "^5.2.0",
        "@pixi/settings": "^5.2.0",
        "@pixi/utils": "^5.2.0"
      }
    },
    "@pixi/sprite-animated": {
      "version": "5.2.0",
      "resolved": "https://registry.npmjs.org/@pixi/sprite-animated/-/sprite-animated-5.2.0.tgz",
      "integrity": "sha512-Liy5s3CKh2MuSJeVYX7w8mJ0//WMUPm/4ZHRJqRJApijjlXSxcnhHNxIMRLDb8iJNmqaoOi9qMUgK0AkGWuAtA==",
      "requires": {
        "@pixi/core": "^5.2.0",
        "@pixi/sprite": "^5.2.0",
        "@pixi/ticker": "^5.2.0"
      }
    },
    "@pixi/sprite-tiling": {
      "version": "5.2.0",
      "resolved": "https://registry.npmjs.org/@pixi/sprite-tiling/-/sprite-tiling-5.2.0.tgz",
      "integrity": "sha512-iLQ98PrUVKqVzTYJsu+ZMCIRsJ1wapg55tf+m/78KK+h0WmgY70CJbO/A68dTqYZMLR39XPCtUp9bXXzXNEEdQ==",
      "requires": {
        "@pixi/constants": "^5.2.0",
        "@pixi/core": "^5.2.0",
        "@pixi/display": "^5.2.0",
        "@pixi/math": "^5.2.0",
        "@pixi/sprite": "^5.2.0",
        "@pixi/utils": "^5.2.0"
      }
    },
    "@pixi/spritesheet": {
      "version": "5.2.0",
      "resolved": "https://registry.npmjs.org/@pixi/spritesheet/-/spritesheet-5.2.0.tgz",
      "integrity": "sha512-48WNC3tSUXbWA7ZswEacSiVh396FLe3KLhFpWk2oIJ+7MtMQ1IdtkGjAaXgv0zx0EvvnvEt1VoQVo2eALswR5Q==",
      "requires": {
        "@pixi/core": "^5.2.0",
        "@pixi/loaders": "^5.2.0",
        "@pixi/math": "^5.2.0",
        "@pixi/utils": "^5.2.0"
      }
    },
    "@pixi/text": {
      "version": "5.2.0",
      "resolved": "https://registry.npmjs.org/@pixi/text/-/text-5.2.0.tgz",
      "integrity": "sha512-enEq/rJYXVobyGeTXCBTbRMlnKc7am+/WicymRt1bT7ia8L8A00xgOdEbfg6OeP2jLcyBVnopFhgHFe8jcp07Q==",
      "requires": {
        "@pixi/core": "^5.2.0",
        "@pixi/math": "^5.2.0",
        "@pixi/settings": "^5.2.0",
        "@pixi/sprite": "^5.2.0",
        "@pixi/utils": "^5.2.0"
      }
    },
    "@pixi/text-bitmap": {
      "version": "5.2.0",
      "resolved": "https://registry.npmjs.org/@pixi/text-bitmap/-/text-bitmap-5.2.0.tgz",
      "integrity": "sha512-RZD7GpQrKD+1B2wehnX0dI7ABB43JWNWoWXHl5wKfhjmPCxVmKEB9UfvOZd3sbnlxeL7BUA/gpYSxD6b6ZiA8g==",
      "requires": {
        "@pixi/core": "^5.2.0",
        "@pixi/display": "^5.2.0",
        "@pixi/loaders": "^5.2.0",
        "@pixi/math": "^5.2.0",
        "@pixi/settings": "^5.2.0",
        "@pixi/sprite": "^5.2.0",
        "@pixi/utils": "^5.2.0"
      }
    },
    "@pixi/ticker": {
      "version": "5.2.0",
      "resolved": "https://registry.npmjs.org/@pixi/ticker/-/ticker-5.2.0.tgz",
      "integrity": "sha512-6xX786cX/RWmQKeRQ3bNvg8JjS0VLA2LQy1sOmUctx2AwdZysI04k2xdw9Krtpn1mkudgAcNrTEsgPeGEjIF9Q==",
      "requires": {
        "@pixi/settings": "^5.2.0"
      }
    },
    "@pixi/utils": {
      "version": "5.2.0",
      "resolved": "https://registry.npmjs.org/@pixi/utils/-/utils-5.2.0.tgz",
      "integrity": "sha512-oMLRlvx+vWHPR06uiOvfOhtkG/LDBR3Syea9QZoIbCJE/GLYgJX8f0cVfrdI0kCgfGj4luc8/CWI745MKafUqQ==",
      "requires": {
        "@pixi/constants": "^5.2.0",
        "@pixi/settings": "^5.2.0",
        "earcut": "^2.1.5",
        "eventemitter3": "^3.1.0",
        "url": "^0.11.0"
      }
    },
    "@types/json5": {
      "version": "0.0.29",
      "resolved": "https://registry.npmjs.org/@types/json5/-/json5-0.0.29.tgz",
      "integrity": "sha1-7ihweulOEdK4J7y+UnC86n8+ce4=",
      "dev": true
    },
    "@types/lodash": {
      "version": "4.14.146",
      "resolved": "https://registry.npmjs.org/@types/lodash/-/lodash-4.14.146.tgz",
      "integrity": "sha512-JzJcmQ/ikHSv7pbvrVNKJU5j9jL9VLf3/gqs048CEnBVVVEv4kve3vLxoPHGvclutS+Il4SBIuQQ087m1eHffw==",
      "dev": true
    },
    "arg": {
      "version": "4.1.1",
      "resolved": "https://registry.npmjs.org/arg/-/arg-4.1.1.tgz",
      "integrity": "sha512-SlmP3fEA88MBv0PypnXZ8ZfJhwmDeIE3SP71j37AiXQBXYosPV0x6uISAaHYSlSVhmHOVkomen0tbGk6Anlebw==",
      "dev": true
    },
    "buffer-from": {
      "version": "1.1.1",
      "resolved": "https://registry.npmjs.org/buffer-from/-/buffer-from-1.1.1.tgz",
      "integrity": "sha512-MQcXEUbCKtEo7bhqEs6560Hyd4XaovZlO/k9V3hjVUF/zwW7KBVdSK4gIt/bzwS9MbR5qob+F5jusZsb0YQK2A==",
      "dev": true
    },
    "diff": {
      "version": "4.0.1",
      "resolved": "https://registry.npmjs.org/diff/-/diff-4.0.1.tgz",
      "integrity": "sha512-s2+XdvhPCOF01LRQBC8hf4vhbVmI2CGS5aZnxLJlT5FtdhPCDFq80q++zK2KlrVorVDdL5BOGZ/VfLrVtYNF+Q==",
      "dev": true
    },
    "earcut": {
      "version": "2.2.1",
      "resolved": "https://registry.npmjs.org/earcut/-/earcut-2.2.1.tgz",
      "integrity": "sha512-5jIMi2RB3HtGPHcYd9Yyl0cczo84y+48lgKPxMijliNQaKAHEZJbdzLmKmdxG/mCdS/YD9DQ1gihL8mxzR0F9w=="
    },
    "es6-promise-polyfill": {
      "version": "1.2.0",
      "resolved": "https://registry.npmjs.org/es6-promise-polyfill/-/es6-promise-polyfill-1.2.0.tgz",
      "integrity": "sha1-84kl8jyz4+jObNqP93T867sJDN4="
    },
    "eventemitter3": {
      "version": "3.1.2",
      "resolved": "https://registry.npmjs.org/eventemitter3/-/eventemitter3-3.1.2.tgz",
      "integrity": "sha512-tvtQIeLVHjDkJYnzf2dgVMxfuSGJeM/7UCG17TT4EumTfNtF+0nebF/4zWOIkCreAbtNqhGEboB6BWrwqNaw4Q=="
    },
    "ismobilejs": {
      "version": "0.5.2",
      "resolved": "https://registry.npmjs.org/ismobilejs/-/ismobilejs-0.5.2.tgz",
      "integrity": "sha512-ta9UdV60xVZk/ZafFtSFslQaE76SvNkcs1r73d2PVR21zVzx9xuYv9tNe4MxA1NN7WoeCc2RjGot3Bz1eHDx3Q=="
    },
    "json5": {
      "version": "1.0.1",
      "resolved": "https://registry.npmjs.org/json5/-/json5-1.0.1.tgz",
      "integrity": "sha512-aKS4WQjPenRxiQsC93MNfjx+nbF4PAdYzmd/1JIj8HYzqfbu86beTuNgXDzPknWk0n0uARlyewZo4s++ES36Ow==",
      "dev": true,
      "requires": {
        "minimist": "^1.2.0"
      }
    },
    "lodash": {
      "version": "4.17.15",
      "resolved": "https://registry.npmjs.org/lodash/-/lodash-4.17.15.tgz",
      "integrity": "sha512-8xOcRHvCjnocdS5cpwXQXVzmmh5e5+saE2QGoeQmbKmRS6J3VQppPOIt0MnmE+4xlZoumy0GPG0D0MVIQbNA1A=="
    },
    "make-error": {
      "version": "1.3.5",
      "resolved": "https://registry.npmjs.org/make-error/-/make-error-1.3.5.tgz",
      "integrity": "sha512-c3sIjNUow0+8swNwVpqoH4YCShKNFkMaw6oH1mNS2haDZQqkeZFlHS3dhoeEbKKmJB4vXpJucU6oH75aDYeE9g==",
      "dev": true
    },
    "mini-signals": {
      "version": "1.2.0",
      "resolved": "https://registry.npmjs.org/mini-signals/-/mini-signals-1.2.0.tgz",
      "integrity": "sha1-RbCAE8X65RokqhqTXNMXye1yHXQ="
    },
    "minimist": {
      "version": "1.2.0",
      "resolved": "https://registry.npmjs.org/minimist/-/minimist-1.2.0.tgz",
      "integrity": "sha1-o1AIsg9BOD7sH7kU9M1d95omQoQ=",
      "dev": true
    },
    "object-assign": {
      "version": "4.1.1",
      "resolved": "https://registry.npmjs.org/object-assign/-/object-assign-4.1.1.tgz",
      "integrity": "sha1-IQmtx5ZYh8/AXLvUQsrIv7s2CGM="
    },
    "parse-uri": {
      "version": "1.0.0",
      "resolved": "https://registry.npmjs.org/parse-uri/-/parse-uri-1.0.0.tgz",
      "integrity": "sha1-KHLcwi8aeXrN4Vg9igrClVLdrCA="
    },
    "pixi-filters": {
      "version": "3.0.3",
      "resolved": "https://registry.npmjs.org/pixi-filters/-/pixi-filters-3.0.3.tgz",
      "integrity": "sha512-Xpp7qfzc7JelBx5vxqKvc2DLS3IfqvNx7nLPybOHS8pn5g4+0/m1dhymIvVXJikqMuJg/Pyt3mXj0jiYqUmadQ==",
      "requires": {
        "@pixi/filter-adjustment": "^3.0.3",
        "@pixi/filter-advanced-bloom": "^3.0.3",
        "@pixi/filter-ascii": "^3.0.3",
        "@pixi/filter-bevel": "^3.0.3",
        "@pixi/filter-bloom": "^3.0.3",
        "@pixi/filter-bulge-pinch": "^3.0.3",
        "@pixi/filter-color-map": "^3.0.3",
        "@pixi/filter-color-replace": "^3.0.3",
        "@pixi/filter-convolution": "^3.0.3",
        "@pixi/filter-cross-hatch": "^3.0.3",
        "@pixi/filter-crt": "^3.0.3",
        "@pixi/filter-dot": "^3.0.3",
        "@pixi/filter-drop-shadow": "^3.0.3",
        "@pixi/filter-emboss": "^3.0.3",
        "@pixi/filter-glitch": "^3.0.3",
        "@pixi/filter-glow": "^3.0.3",
        "@pixi/filter-godray": "^3.0.3",
        "@pixi/filter-kawase-blur": "^3.0.3",
        "@pixi/filter-motion-blur": "^3.0.3",
        "@pixi/filter-multi-color-replace": "^3.0.3",
        "@pixi/filter-old-film": "^3.0.3",
        "@pixi/filter-outline": "^3.0.3",
        "@pixi/filter-pixelate": "^3.0.3",
        "@pixi/filter-radial-blur": "^3.0.3",
        "@pixi/filter-reflection": "^3.0.3",
        "@pixi/filter-rgb-split": "^3.0.3",
        "@pixi/filter-shockwave": "^3.0.3",
        "@pixi/filter-simple-lightmap": "^3.0.3",
        "@pixi/filter-tilt-shift": "^3.0.3",
        "@pixi/filter-twist": "^3.0.3",
        "@pixi/filter-zoom-blur": "^3.0.3"
      }
    },
    "pixi.js": {
      "version": "5.2.0",
      "resolved": "https://registry.npmjs.org/pixi.js/-/pixi.js-5.2.0.tgz",
      "integrity": "sha512-q4gxbTU51nrh8qxbplU6EVx2dnb9SiI9OeQOrQmtmCTpysJXAK5p9M2c3v5JRIgK8ZCL74y5vrwHaaB1ZQoPKw==",
      "requires": {
        "@pixi/accessibility": "^5.2.0",
        "@pixi/app": "^5.2.0",
        "@pixi/constants": "^5.2.0",
        "@pixi/core": "^5.2.0",
        "@pixi/display": "^5.2.0",
        "@pixi/extract": "^5.2.0",
        "@pixi/filter-alpha": "^5.2.0",
        "@pixi/filter-blur": "^5.2.0",
        "@pixi/filter-color-matrix": "^5.2.0",
        "@pixi/filter-displacement": "^5.2.0",
        "@pixi/filter-fxaa": "^5.2.0",
        "@pixi/filter-noise": "^5.2.0",
        "@pixi/graphics": "^5.2.0",
        "@pixi/interaction": "^5.2.0",
        "@pixi/loaders": "^5.2.0",
        "@pixi/math": "^5.2.0",
        "@pixi/mesh": "^5.2.0",
        "@pixi/mesh-extras": "^5.2.0",
        "@pixi/mixin-cache-as-bitmap": "^5.2.0",
        "@pixi/mixin-get-child-by-name": "^5.2.0",
        "@pixi/mixin-get-global-position": "^5.2.0",
        "@pixi/particles": "^5.2.0",
        "@pixi/polyfill": "^5.2.0",
        "@pixi/prepare": "^5.2.0",
        "@pixi/runner": "^5.2.0",
        "@pixi/settings": "^5.2.0",
        "@pixi/sprite": "^5.2.0",
        "@pixi/sprite-animated": "^5.2.0",
        "@pixi/sprite-tiling": "^5.2.0",
        "@pixi/spritesheet": "^5.2.0",
        "@pixi/text": "^5.2.0",
        "@pixi/text-bitmap": "^5.2.0",
        "@pixi/ticker": "^5.2.0",
        "@pixi/utils": "^5.2.0"
      }
    },
    "punycode": {
      "version": "1.3.2",
      "resolved": "https://registry.npmjs.org/punycode/-/punycode-1.3.2.tgz",
      "integrity": "sha1-llOgNvt8HuQjQvIyXM7v6jkmxI0="
    },
    "querystring": {
      "version": "0.2.0",
      "resolved": "https://registry.npmjs.org/querystring/-/querystring-0.2.0.tgz",
      "integrity": "sha1-sgmEkgO7Jd+CDadW50cAWHhSFiA="
    },
    "resource-loader": {
      "version": "3.0.1",
      "resolved": "https://registry.npmjs.org/resource-loader/-/resource-loader-3.0.1.tgz",
      "integrity": "sha512-fBuCRbEHdLCI1eglzQhUv9Rrdcmqkydr1r6uHE2cYHvRBrcLXeSmbE/qI/urFt8rPr/IGxir3BUwM5kUK8XoyA==",
      "requires": {
        "mini-signals": "^1.2.0",
        "parse-uri": "^1.0.0"
      }
    },
    "source-map-support": {
      "version": "0.5.8",
      "resolved": "https://registry.npmjs.org/source-map-support/-/source-map-support-0.5.8.tgz",
      "integrity": "sha512-WqAEWPdb78u25RfKzOF0swBpY0dKrNdjc4GvLwm7ScX/o9bj8Eh/YL8mcMhBHYDGl87UkkSXDOFnW4G7GhWhGg==",
      "dev": true,
      "requires": {
        "buffer-from": "^1.0.0",
        "source-map": "^0.6.0"
      },
      "dependencies": {
        "source-map": {
          "version": "0.6.1",
          "resolved": "https://registry.npmjs.org/source-map/-/source-map-0.6.1.tgz",
          "integrity": "sha512-UjgapumWlbMhkBgzT7Ykc5YXUT46F0iKu8SGXq0bcwP5dz/h0Plj6enJqjz1Zbq2l5WaqYnrVbwWOWMyF3F47g==",
          "dev": true
        }
      }
    },
    "ts-node": {
      "version": "8.4.1",
      "resolved": "https://registry.npmjs.org/ts-node/-/ts-node-8.4.1.tgz",
      "integrity": "sha512-5LpRN+mTiCs7lI5EtbXmF/HfMeCjzt7DH9CZwtkr6SywStrNQC723wG+aOWFiLNn7zT3kD/RnFqi3ZUfr4l5Qw==",
      "dev": true,
      "requires": {
        "arg": "^4.1.0",
        "diff": "^4.0.1",
        "make-error": "^1.1.1",
        "source-map-support": "^0.5.6",
        "yn": "^3.0.0"
      }
    },
    "tsconfig-paths": {
      "version": "3.9.0",
      "resolved": "https://registry.npmjs.org/tsconfig-paths/-/tsconfig-paths-3.9.0.tgz",
      "integrity": "sha512-dRcuzokWhajtZWkQsDVKbWyY+jgcLC5sqJhg2PSgf4ZkH2aHPvaOY8YWGhmjb68b5qqTfasSsDO9k7RUiEmZAw==",
      "dev": true,
      "requires": {
        "@types/json5": "^0.0.29",
        "json5": "^1.0.1",
        "minimist": "^1.2.0",
        "strip-bom": "^3.0.0"
      },
      "dependencies": {
        "strip-bom": {
          "version": "3.0.0",
          "resolved": "https://registry.npmjs.org/strip-bom/-/strip-bom-3.0.0.tgz",
          "integrity": "sha1-IzTBjpx1n3vdVv3vfprj1YjmjtM=",
          "dev": true
        }
      }
    },
    "typescript": {
      "version": "2.9.2",
      "resolved": "https://registry.npmjs.org/typescript/-/typescript-2.9.2.tgz",
      "integrity": "sha512-Gr4p6nFNaoufRIY4NMdpQRNmgxVIGMs4Fcu/ujdYk3nAZqk7supzBE9idmvfZIlH/Cuj//dvi+019qEue9lV0w==",
      "dev": true
    },
    "url": {
      "version": "0.11.0",
      "resolved": "https://registry.npmjs.org/url/-/url-0.11.0.tgz",
      "integrity": "sha1-ODjpfPxgUh63PFJajlW/3Z4uKPE=",
      "requires": {
        "punycode": "1.3.2",
        "querystring": "0.2.0"
      }
    },
    "yn": {
      "version": "3.1.1",
      "resolved": "https://registry.npmjs.org/yn/-/yn-3.1.1.tgz",
      "integrity": "sha512-Ux4ygGWsu2c7isFWe8Yu1YluJmqVhxqK2cLXNQA5AcC3QfbGNpM7fu0Y8b/z16pXLnFxZYvWhd3fhBY9DLmC6Q==",
      "dev": true
    }
  }
}
